
Microsoft Visual Studio Solution File, Format Version 12.00
# Visual Studio Version 16
VisualStudioVersion = 16.0.30406.217
MinimumVisualStudioVersion = 10.0.40219.1
Project("{FAE04EC0-301F-11D3-BF4B-00C04F79EFBC}") = "CityInfoApi", "CityInfoApi\CityInfoApi.csproj", "{911353EC-C18E-4432-A52A-F42B88EA497B}"
EndProject
Project("{FAE04EC0-301F-11D3-BF4B-00C04F79EFBC}") = "SampleApiOne", "SampleApiOne\SampleApiOne.csproj", "{81193858-5053-4641-852C-6592B4CF7D70}"
EndProject
Project("{FAE04EC0-301F-11D3-BF4B-00C04F79EFBC}") = "SampleMvc", "SampleMvc\SampleMvc.csproj", "{28813221-CC45-48E6-BE59-C62FBEE95A2D}"
EndProject
Global
	GlobalSection(SolutionConfigurationPlatforms) = preSolution
		Debug|Any CPU = Debug|Any CPU
		Release|Any CPU = Release|Any CPU
	EndGlobalSection
	GlobalSection(ProjectConfigurationPlatforms) = postSolution
		{911353EC-C18E-4432-A52A-F42B88EA497B}.Debug|Any CPU.ActiveCfg = Debug|Any CPU
		{911353EC-C18E-4432-A52A-F42B88EA497B}.Debug|Any CPU.Build.0 = Debug|Any CPU
		{911353EC-C18E-4432-A52A-F42B88EA497B}.Release|Any CPU.ActiveCfg = Release|Any CPU
		{911353EC-C18E-4432-A52A-F42B88EA497B}.Release|Any CPU.Build.0 = Release|Any CPU
		{81193858-5053-4641-852C-6592B4CF7D70}.Debug|Any CPU.ActiveCfg = Debug|Any CPU
		{81193858-5053-4641-852C-6592B4CF7D70}.Debug|Any CPU.Build.0 = Debug|Any CPU
		{81193858-5053-4641-852C-6592B4CF7D70}.Release|Any CPU.ActiveCfg = Release|Any CPU
		{81193858-5053-4641-852C-6592B4CF7D70}.Release|Any CPU.Build.0 = Release|Any CPU
		{28813221-CC45-48E6-BE59-C62FBEE95A2D}.Debug|Any CPU.ActiveCfg = Debug|Any CPU
		{28813221-CC45-48E6-BE59-C62FBEE95A2D}.Debug|Any CPU.Build.0 = Debug|Any CPU
		{28813221-CC45-48E6-BE59-C62FBEE95A2D}.Release|Any CPU.ActiveCfg = Release|Any CPU
		{28813221-CC45-48E6-BE59-C62FBEE95A2D}.Release|Any CPU.Build.0 = Release|Any CPU
	EndGlobalSection
	GlobalSection(SolutionProperties) = preSolution
		HideSolutionNode = FALSE
	EndGlobalSection
	GlobalSection(ExtensibilityGlobals) = postSolution
		SolutionGuid = {135B4D3A-E259-414E-BBD8-F3857026E02E}
	EndGlobalSection
EndGlobal
